Microsoft Visual Studio Solution File, Format Version 12.00
# Visual Studio Version 17
VisualStudioVersion = 17.5.2.0
MinimumVisualStudioVersion = 10.0.40219.1
Project("{2150E333-8FDC-42A3-9474-1A3956D46DE8}") = "Students Assignment1", "Students Assignment1", "{5391AE68-B7E4-1FBC-26C5-AC123925B166}"
EndProject
Project("{FAE04EC0-301F-11D3-BF4B-00C04F79EFBC}") = "Assignment1", "Students Assignment1\Assignment1\Assignment1.csproj", "{447C8297-E98F-1124-EAED-90553C15FA85}"
EndProject
Global
	GlobalSection(SolutionConfigurationPlatforms) = preSolution
		Debug|Any CPU = Debug|Any CPU
		Release|Any CPU = Release|Any CPU
	EndGlobalSection
	GlobalSection(ProjectConfigurationPlatforms) = postSolution
		{447C8297-E98F-1124-EAED-90553C15FA85}.Debug|Any CPU.ActiveCfg = Debug|Any CPU
		{447C8297-E98F-1124-EAED-90553C15FA85}.Debug|Any CPU.Build.0 = Debug|Any CPU
		{447C8297-E98F-1124-EAED-90553C15FA85}.Release|Any CPU.ActiveCfg = Release|Any CPU
		{447C8297-E98F-1124-EAED-90553C15FA85}.Release|Any CPU.Build.0 = Release|Any CPU
	EndGlobalSection
	GlobalSection(SolutionProperties) = preSolution
		HideSolutionNode = FALSE
	EndGlobalSection
	GlobalSection(NestedProjects) = preSolution
		{447C8297-E98F-1124-EAED-90553C15FA85} = {5391AE68-B7E4-1FBC-26C5-AC123925B166}
	EndGlobalSection
	GlobalSection(ExtensibilityGlobals) = postSolution
		SolutionGuid = {D7C4E46D-777D-4FDE-9E96-9D8AE9DB4CBD}
	EndGlobalSection
EndGlobal
