Microsoft Visual Studio Solution File, Format Version 12.00
# Visual Studio Version 17
VisualStudioVersion = 17.5.2.0
MinimumVisualStudioVersion = 10.0.40219.1
Project("{FAE04EC0-301F-11D3-BF4B-00C04F79EFBC}") = "SongPlayer", "SongPlayer\SongPlayer.csproj", "{1923A7BA-37AB-84FB-7243-436E9DF7CD04}"
EndProject
Global
	GlobalSection(SolutionConfigurationPlatforms) = preSolution
		Debug|Any CPU = Debug|Any CPU
		Release|Any CPU = Release|Any CPU
	EndGlobalSection
	GlobalSection(ProjectConfigurationPlatforms) = postSolution
		{1923A7BA-37AB-84FB-7243-436E9DF7CD04}.Debug|Any CPU.ActiveCfg = Debug|Any CPU
		{1923A7BA-37AB-84FB-7243-436E9DF7CD04}.Debug|Any CPU.Build.0 = Debug|Any CPU
		{1923A7BA-37AB-84FB-7243-436E9DF7CD04}.Release|Any CPU.ActiveCfg = Release|Any CPU
		{1923A7BA-37AB-84FB-7243-436E9DF7CD04}.Release|Any CPU.Build.0 = Release|Any CPU
	EndGlobalSection
	GlobalSection(SolutionProperties) = preSolution
		HideSolutionNode = FALSE
	EndGlobalSection
	GlobalSection(ExtensibilityGlobals) = postSolution
		SolutionGuid = {1990A373-BED7-44E3-8B83-A0A52F376137}
	EndGlobalSection
EndGlobal
